// !$*UTF8*$!
{
	archiveVersion = 1;
	classes = {
	};
	objectVersion = 77;
	objects = {

/* Begin PBXBuildFile section */
		71D052402D058F7A00097B6D /* pulsar in Frameworks */ = {isa = PBXBuildFile; productRef = 71D0523F2D058F7A00097B6D /* pulsar */; };
		71D052672D0595B300097B6D /* Info.plist in Resources */ = {isa = PBXBuildFile; fileRef = 71D052652D0595B300097B6D /* Info.plist */; };
		71D052682D0595B300097B6D /* Info.plist in Resources */ = {isa = PBXBuildFile; fileRef = 71D052652D0595B300097B6D /* Info.plist */; };
/* End PBXBuildFile section */

/* Begin PBXContainerItemProxy section */
		71D051E62D053D7700097B6D /* PBXContainerItemProxy */ = {
			isa = PBXContainerItemProxy;
			containerPortal = 71D051CD2D053D7600097B6D /* Project object */;
			proxyType = 1;
			remoteGlobalIDString = 71D051D42D053D7600097B6D;
			remoteInfo = remsful;
		};
		71D051F02D053D7700097B6D /* PBXContainerItemProxy */ = {
			isa = PBXContainerItemProxy;
			containerPortal = 71D051CD2D053D7600097B6D /* Project object */;
			proxyType = 1;
			remoteGlobalIDString = 71D051D42D053D7600097B6D;
			remoteInfo = remsful;
		};
/* End PBXContainerItemProxy section */

/* Begin PBXFileReference section */
		71D051D52D053D7600097B6D /* remsful.app */ = {isa = PBXFileReference; explicitFileType = wrapper.application; includeInIndex = 0; path = remsful.app; sourceTree = BUILT_PRODUCTS_DIR; };
		71D051E52D053D7700097B6D /* remsfulTests.xctest */ = {isa = PBXFileReference; explicitFileType = wrapper.cfbundle; includeInIndex = 0; path = remsfulTests.xctest; sourceTree = BUILT_PRODUCTS_DIR; };
		71D051EF2D053D7700097B6D /* remsfulUITests.xctest */ = {isa = PBXFileReference; explicitFileType = wrapper.cfbundle; includeInIndex = 0; path = remsfulUITests.xctest; sourceTree = BUILT_PRODUCTS_DIR; };
		71D052652D0595B300097B6D /* Info.plist */ = {isa = PBXFileReference; lastKnownFileType = text.plist.xml; path = Info.plist; sourceTree = "<group>"; };
/* End PBXFileReference section */

/* Begin PBXFileSystemSynchronizedRootGroup section */
		71D051E82D053D7700097B6D /* remsfulTests */ = {
			isa = PBXFileSystemSynchronizedRootGroup;
			path = remsfulTests;
			sourceTree = "<group>";
		};
		71D051F22D053D7700097B6D /* remsfulUITests */ = {
			isa = PBXFileSystemSynchronizedRootGroup;
			path = remsfulUITests;
			sourceTree = "<group>";
		};
		71D052592D05923E00097B6D /* remsful */ = {
			isa = PBXFileSystemSynchronizedRootGroup;
			path = remsful;
			sourceTree = "<group>";
		};
/* End PBXFileSystemSynchronizedRootGroup section */

/* Begin PBXFrameworksBuildPhase section */
		71D051D22D053D7600097B6D /* Frameworks */ = {
			isa = PBXFrameworksBuildPhase;
			buildActionMask = 2147483647;
			files = (
				71D052402D058F7A00097B6D /* pulsar in Frameworks */,
			);
			runOnlyForDeploymentPostprocessing = 0;
		};
		71D051E22D053D7700097B6D /* Frameworks */ = {
			isa = PBXFrameworksBuildPhase;
			buildActionMask = 2147483647;
			files = (
			);
			runOnlyForDeploymentPostprocessing = 0;
		};
		71D051EC2D053D7700097B6D /* Frameworks */ = {
			isa = PBXFrameworksBuildPhase;
			buildActionMask = 2147483647;
			files = (
			);
			runOnlyForDeploymentPostprocessing = 0;
		};
/* End PBXFrameworksBuildPhase section */

/* Begin PBXGroup section */
		71D051CC2D053D7600097B6D = {
			isa = PBXGroup;
			children = (
				71D051E82D053D7700097B6D /* remsfulTests */,
				71D051F22D053D7700097B6D /* remsfulUITests */,
				71D051D62D053D7600097B6D /* Products */,
				71D052592D05923E00097B6D /* remsful */,
				71D052652D0595B300097B6D /* Info.plist */,
			);
			sourceTree = "<group>";
		};
		71D051D62D053D7600097B6D /* Products */ = {
			isa = PBXGroup;
			children = (
				71D051D52D053D7600097B6D /* remsful.app */,
				71D051E52D053D7700097B6D /* remsfulTests.xctest */,
				71D051EF2D053D7700097B6D /* remsfulUITests.xctest */,
			);
			name = Products;
			sourceTree = "<group>";
		};
/* End PBXGroup section */

/* Begin PBXNativeTarget section */
		71D051D42D053D7600097B6D /* remsful */ = {
			isa = PBXNativeTarget;
			buildConfigurationList = 71D051F92D053D7700097B6D /* Build configuration list for PBXNativeTarget "remsful" */;
			buildPhases = (
				71D051D12D053D7600097B6D /* Sources */,
				71D051D22D053D7600097B6D /* Frameworks */,
				71D051D32D053D7600097B6D /* Resources */,
			);
			buildRules = (
			);
			dependencies = (
			);
			fileSystemSynchronizedGroups = (
				71D052592D05923E00097B6D /* remsful */,
			);
			name = remsful;
			packageProductDependencies = (
				71D0523F2D058F7A00097B6D /* pulsar */,
			);
			productName = remsful;
			productReference = 71D051D52D053D7600097B6D /* remsful.app */;
			productType = "com.apple.product-type.application";
		};
		71D051E42D053D7700097B6D /* remsfulTests */ = {
			isa = PBXNativeTarget;
			buildConfigurationList = 71D051FC2D053D7700097B6D /* Build configuration list for PBXNativeTarget "remsfulTests" */;
			buildPhases = (
				71D051E12D053D7700097B6D /* Sources */,
				71D051E22D053D7700097B6D /* Frameworks */,
				71D051E32D053D7700097B6D /* Resources */,
			);
			buildRules = (
			);
			dependencies = (
				71D051E72D053D7700097B6D /* PBXTargetDependency */,
			);
			fileSystemSynchronizedGroups = (
				71D051E82D053D7700097B6D /* remsfulTests */,
			);
			name = remsfulTests;
			packageProductDependencies = (
			);
			productName = remsfulTests;
			productReference = 71D051E52D053D7700097B6D /* remsfulTests.xctest */;
			productType = "com.apple.product-type.bundle.unit-test";
		};
		71D051EE2D053D7700097B6D /* remsfulUITests */ = {
			isa = PBXNativeTarget;
			buildConfigurationList = 71D051FF2D053D7700097B6D /* Build configuration list for PBXNativeTarget "remsfulUITests" */;
			buildPhases = (
				71D051EB2D053D7700097B6D /* Sources */,
				71D051EC2D053D7700097B6D /* Frameworks */,
				71D051ED2D053D7700097B6D /* Resources */,
			);
			buildRules = (
			);
			dependencies = (
				71D051F12D053D7700097B6D /* PBXTargetDependency */,
			);
			fileSystemSynchronizedGroups = (
				71D051F22D053D7700097B6D /* remsfulUITests */,
			);
			name = remsfulUITests;
			packageProductDependencies = (
			);
			productName = remsfulUITests;
			productReference = 71D051EF2D053D7700097B6D /* remsfulUITests.xctest */;
			productType = "com.apple.product-type.bundle.ui-testing";
		};
/* End PBXNativeTarget section */

/* Begin PBXProject section */
		71D051CD2D053D7600097B6D /* Project object */ = {
			isa = PBXProject;
			attributes = {
				BuildIndependentTargetsInParallel = 1;
				LastSwiftUpdateCheck = 1620;
				LastUpgradeCheck = 1620;
				TargetAttributes = {
					71D051D42D053D7600097B6D = {
						CreatedOnToolsVersion = 16.2;
					};
					71D051E42D053D7700097B6D = {
						CreatedOnToolsVersion = 16.2;
						TestTargetID = 71D051D42D053D7600097B6D;
					};
					71D051EE2D053D7700097B6D = {
						CreatedOnToolsVersion = 16.2;
						TestTargetID = 71D051D42D053D7600097B6D;
					};
				};
			};
			buildConfigurationList = 71D051D02D053D7600097B6D /* Build configuration list for PBXProject "remsful" */;
			developmentRegion = en;
			hasScannedForEncodings = 0;
			knownRegions = (
				en,
				Base,
			);
			mainGroup = 71D051CC2D053D7600097B6D;
			minimizedProjectReferenceProxies = 1;
			packageReferences = (
				71D0523E2D058F7A00097B6D /* XCLocalSwiftPackageReference "../pulsar" */,
			);
			preferredProjectObjectVersion = 77;
			productRefGroup = 71D051D62D053D7600097B6D /* Products */;
			projectDirPath = "";
			projectRoot = "";
			targets = (
				71D051D42D053D7600097B6D /* remsful */,
				71D051E42D053D7700097B6D /* remsfulTests */,
				71D051EE2D053D7700097B6D /* remsfulUITests */,
			);
		};
/* End PBXProject section */

/* Begin PBXResourcesBuildPhase section */
		71D051D32D053D7600097B6D /* Resources */ = {
			isa = PBXResourcesBuildPhase;
			buildActionMask = 2147483647;
			files = (
			);
			runOnlyForDeploymentPostprocessing = 0;
		};
		71D051E32D053D7700097B6D /* Resources */ = {
			isa = PBXResourcesBuildPhase;
			buildActionMask = 2147483647;
			files = (
				71D052672D0595B300097B6D /* Info.plist in Resources */,
			);
			runOnlyForDeploymentPostprocessing = 0;
		};
		71D051ED2D053D7700097B6D /* Resources */ = {
			isa = PBXResourcesBuildPhase;
			buildActionMask = 2147483647;
			files = (
				71D052682D0595B300097B6D /* Info.plist in Resources */,
			);
			runOnlyForDeploymentPostprocessing = 0;
		};
/* End PBXResourcesBuildPhase section */

/* Begin PBXSourcesBuildPhase section */
		71D051D12D053D7600097B6D /* Sources */ = {
			isa = PBXSourcesBuildPhase;
			buildActionMask = 2147483647;
			files = (
			);
			runOnlyForDeploymentPostprocessing = 0;
		};
		71D051E12D053D7700097B6D /* Sources */ = {
			isa = PBXSourcesBuildPhase;
			buildActionMask = 2147483647;
			files = (
			);
			runOnlyForDeploymentPostprocessing = 0;
		};
		71D051EB2D053D7700097B6D /* Sources */ = {
			isa = PBXSourcesBuildPhase;
			buildActionMask = 2147483647;
			files = (
			);
			runOnlyForDeploymentPostprocessing = 0;
		};
/* End PBXSourcesBuildPhase section */

/* Begin PBXTargetDependency section */
		71D051E72D053D7700097B6D /* PBXTargetDependency */ = {
			isa = PBXTargetDependency;
			target = 71D051D42D053D7600097B6D /* remsful */;
			targetProxy = 71D051E62D053D7700097B6D /* PBXContainerItemProxy */;
		};
		71D051F12D053D7700097B6D /* PBXTargetDependency */ = {
			isa = PBXTargetDependency;
			target = 71D051D42D053D7600097B6D /* remsful */;
			targetProxy = 71D051F02D053D7700097B6D /* PBXContainerItemProxy */;
		};
/* End PBXTargetDependency section */

/* Begin XCBuildConfiguration section */
		71D051F72D053D7700097B6D /* Debug */ = {
			isa = XCBuildConfiguration;
			buildSettings = {
				ALWAYS_SEARCH_USER_PATHS = NO;
				ASSETCATALOG_COMPILER_GENERATE_SWIFT_ASSET_SYMBOL_EXTENSIONS = YES;
				CLANG_ANALYZER_NONNULL = YES;
				CLANG_ANALYZER_NUMBER_OBJECT_CONVERSION = YES_AGGRESSIVE;
				CLANG_CXX_LANGUAGE_STANDARD = "gnu++20";
				CLANG_ENABLE_MODULES = YES;
				CLANG_ENABLE_OBJC_ARC = YES;
				CLANG_ENABLE_OBJC_WEAK = YES;
				CLANG_WARN_BLOCK_CAPTURE_AUTORELEASING = YES;
				CLANG_WARN_BOOL_CONVERSION = YES;
				CLANG_WARN_COMMA = YES;
				CLANG_WARN_CONSTANT_CONVERSION = YES;
				CLANG_WARN_DEPRECATED_OBJC_IMPLEMENTATIONS = YES;
				CLANG_WARN_DIRECT_OBJC_ISA_USAGE = YES_ERROR;
				CLANG_WARN_DOCUMENTATION_COMMENTS = YES;
				CLANG_WARN_EMPTY_BODY = YES;
				CLANG_WARN_ENUM_CONVERSION = YES;
				CLANG_WARN_INFINITE_RECURSION = YES;
				CLANG_WARN_INT_CONVERSION = YES;
				CLANG_WARN_NON_LITERAL_NULL_CONVERSION = YES;
				CLANG_WARN_OBJC_IMPLICIT_RETAIN_SELF = YES;
				CLANG_WARN_OBJC_LITERAL_CONVERSION = YES;
				CLANG_WARN_OBJC_ROOT_CLASS = YES_ERROR;
				CLANG_WARN_QUOTED_INCLUDE_IN_FRAMEWORK_HEADER = YES;
				CLANG_WARN_RANGE_LOOP_ANALYSIS = YES;
				CLANG_WARN_STRICT_PROTOTYPES = YES;
				CLANG_WARN_SUSPICIOUS_MOVE = YES;
				CLANG_WARN_UNGUARDED_AVAILABILITY = YES_AGGRESSIVE;
				CLANG_WARN_UNREACHABLE_CODE = YES;
				CLANG_WARN__DUPLICATE_METHOD_MATCH = YES;
				COPY_PHASE_STRIP = NO;
				DEBUG_INFORMATION_FORMAT = dwarf;
				ENABLE_STRICT_OBJC_MSGSEND = YES;
				ENABLE_TESTABILITY = YES;
				ENABLE_USER_SCRIPT_SANDBOXING = YES;
				GCC_C_LANGUAGE_STANDARD = gnu17;
				GCC_DYNAMIC_NO_PIC = NO;
				GCC_NO_COMMON_BLOCKS = YES;
				GCC_OPTIMIZATION_LEVEL = 0;
				GCC_PREPROCESSOR_DEFINITIONS = (
					"DEBUG=1",
					"$(inherited)",
				);
				GCC_WARN_64_TO_32_BIT_CONVERSION = YES;
				GCC_WARN_ABOUT_RETURN_TYPE = YES_ERROR;
				GCC_WARN_UNDECLARED_SELECTOR = YES;
				GCC_WARN_UNINITIALIZED_AUTOS = YES_AGGRESSIVE;
				GCC_WARN_UNUSED_FUNCTION = YES;
				GCC_WARN_UNUSED_VARIABLE = YES;
				IPHONEOS_DEPLOYMENT_TARGET = 18.2;
				LOCALIZATION_PREFERS_STRING_CATALOGS = YES;
				MTL_ENABLE_DEBUG_INFO = INCLUDE_SOURCE;
				MTL_FAST_MATH = YES;
				ONLY_ACTIVE_ARCH = YES;
				SDKROOT = iphoneos;
				SWIFT_ACTIVE_COMPILATION_CONDITIONS = "DEBUG $(inherited)";
				SWIFT_OPTIMIZATION_LEVEL = "-Onone";
			};
			name = Debug;
		};
		71D051F82D053D7700097B6D /* Release */ = {
			isa = XCBuildConfiguration;
			buildSettings = {
				ALWAYS_SEARCH_USER_PATHS = NO;
				ASSETCATALOG_COMPILER_GENERATE_SWIFT_ASSET_SYMBOL_EXTENSIONS = YES;
				CLANG_ANALYZER_NONNULL = YES;
				CLANG_ANALYZER_NUMBER_OBJECT_CONVERSION = YES_AGGRESSIVE;
				CLANG_CXX_LANGUAGE_STANDARD = "gnu++20";
				CLANG_ENABLE_MODULES = YES;
				CLANG_ENABLE_OBJC_ARC = YES;
				CLANG_ENABLE_OBJC_WEAK = YES;
				CLANG_WARN_BLOCK_CAPTURE_AUTORELEASING = YES;
				CLANG_WARN_BOOL_CONVERSION = YES;
				CLANG_WARN_COMMA = YES;
				CLANG_WARN_CONSTANT_CONVERSION = YES;
				CLANG_WARN_DEPRECATED_OBJC_IMPLEMENTATIONS = YES;
				CLANG_WARN_DIRECT_OBJC_ISA_USAGE = YES_ERROR;
				CLANG_WARN_DOCUMENTATION_COMMENTS = YES;
				CLANG_WARN_EMPTY_BODY = YES;
				CLANG_WARN_ENUM_CONVERSION = YES;
				CLANG_WARN_INFINITE_RECURSION = YES;
				CLANG_WARN_INT_CONVERSION = YES;
				CLANG_WARN_NON_LITERAL_NULL_CONVERSION = YES;
				CLANG_WARN_OBJC_IMPLICIT_RETAIN_SELF = YES;
				CLANG_WARN_OBJC_LITERAL_CONVERSION = YES;
				CLANG_WARN_OBJC_ROOT_CLASS = YES_ERROR;
				CLANG_WARN_QUOTED_INCLUDE_IN_FRAMEWORK_HEADER = YES;
				CLANG_WARN_RANGE_LOOP_ANALYSIS = YES;
				CLANG_WARN_STRICT_PROTOTYPES = YES;
				CLANG_WARN_SUSPICIOUS_MOVE = YES;
				CLANG_WARN_UNGUARDED_AVAILABILITY = YES_AGGRESSIVE;
				CLANG_WARN_UNREACHABLE_CODE = YES;
				CLANG_WARN__DUPLICATE_METHOD_MATCH = YES;
				COPY_PHASE_STRIP = NO;
				DEBUG_INFORMATION_FORMAT = "dwarf-with-dsym";
				ENABLE_NS_ASSERTIONS = NO;
				ENABLE_STRICT_OBJC_MSGSEND = YES;
				ENABLE_USER_SCRIPT_SANDBOXING = YES;
				GCC_C_LANGUAGE_STANDARD = gnu17;
				GCC_NO_COMMON_BLOCKS = YES;
				GCC_WARN_64_TO_32_BIT_CONVERSION = YES;
				GCC_WARN_ABOUT_RETURN_TYPE = YES_ERROR;
				GCC_WARN_UNDECLARED_SELECTOR = YES;
				GCC_WARN_UNINITIALIZED_AUTOS = YES_AGGRESSIVE;
				GCC_WARN_UNUSED_FUNCTION = YES;
				GCC_WARN_UNUSED_VARIABLE = YES;
				IPHONEOS_DEPLOYMENT_TARGET = 18.2;
				LOCALIZATION_PREFERS_STRING_CATALOGS = YES;
				MTL_ENABLE_DEBUG_INFO = NO;
				MTL_FAST_MATH = YES;
				SDKROOT = iphoneos;
				SWIFT_COMPILATION_MODE = wholemodule;
				VALIDATE_PRODUCT = YES;
			};
			name = Release;
		};
		71D051FA2D053D7700097B6D /* Debug */ = {
			isa = XCBuildConfiguration;
			buildSettings = {
				ASSETCATALOG_COMPILER_APPICON_NAME = AppIcon;
				ASSETCATALOG_COMPILER_GLOBAL_ACCENT_COLOR_NAME = AccentColor;
				CODE_SIGN_ENTITLEMENTS = remsful/remsful.entitlements;
				CODE_SIGN_STYLE = Automatic;
				CURRENT_PROJECT_VERSION = 1;
				DEVELOPMENT_ASSET_PATHS = "\"remsful/Preview Content\"";
				ENABLE_PREVIEWS = YES;
				GENERATE_INFOPLIST_FILE = YES;
				INFOPLIST_FILE = Info.plist;
				INFOPLIST_KEY_LSApplicationCategoryType = "public.app-category.healthcare-fitness";
				INFOPLIST_KEY_UIApplicationSceneManifest_Generation = YES;
				INFOPLIST_KEY_UIApplicationSupportsIndirectInputEvents = YES;
				INFOPLIST_KEY_UILaunchScreen_Generation = YES;
				INFOPLIST_KEY_UIStatusBarStyle = "";
				INFOPLIST_KEY_UISupportedInterfaceOrientations_iPad = "UIInterfaceOrientationPortrait UIInterfaceOrientationPortraitUpsideDown UIInterfaceOrientationLandscapeLeft UIInterfaceOrientationLandscapeRight";
				INFOPLIST_KEY_UISupportedInterfaceOrientations_iPhone = "UIInterfaceOrientationPortrait UIInterfaceOrientationLandscapeLeft UIInterfaceOrientationLandscapeRight";
				LD_RUNPATH_SEARCH_PATHS = (
					"$(inherited)",
					"@executable_path/Frameworks",
				);
				MARKETING_VERSION = 0.1.0;
				PRODUCT_BUNDLE_IDENTIFIER = com.cokoala.remsful;
				PRODUCT_NAME = "$(TARGET_NAME)";
				SWIFT_EMIT_LOC_STRINGS = YES;
				SWIFT_VERSION = 6.0;
				TARGETED_DEVICE_FAMILY = "1,2";
			};
			name = Debug;
		};
		71D051FB2D053D7700097B6D /* Release */ = {
			isa = XCBuildConfiguration;
			buildSettings = {
				ASSETCATALOG_COMPILER_APPICON_NAME = AppIcon;
				ASSETCATALOG_COMPILER_GLOBAL_ACCENT_COLOR_NAME = AccentColor;
				CODE_SIGN_ENTITLEMENTS = remsful/remsful.entitlements;
				CODE_SIGN_STYLE = Automatic;
				CURRENT_PROJECT_VERSION = 1;
				DEVELOPMENT_ASSET_PATHS = "\"remsful/Preview Content\"";
				ENABLE_PREVIEWS = YES;
				GENERATE_INFOPLIST_FILE = YES;
				INFOPLIST_FILE = Info.plist;
				INFOPLIST_KEY_LSApplicationCategoryType = "public.app-category.healthcare-fitness";
				INFOPLIST_KEY_UIApplicationSceneManifest_Generation = YES;
				INFOPLIST_KEY_UIApplicationSupportsIndirectInputEvents = YES;
				INFOPLIST_KEY_UILaunchScreen_Generation = YES;
				INFOPLIST_KEY_UIStatusBarStyle = "";
				INFOPLIST_KEY_UISupportedInterfaceOrientations_iPad = "UIInterfaceOrientationPortrait UIInterfaceOrientationPortraitUpsideDown UIInterfaceOrientationLandscapeLeft UIInterfaceOrientationLandscapeRight";
				INFOPLIST_KEY_UISupportedInterfaceOrientations_iPhone = "UIInterfaceOrientationPortrait UIInterfaceOrientationLandscapeLeft UIInterfaceOrientationLandscapeRight";
				LD_RUNPATH_SEARCH_PATHS = (
					"$(inherited)",
					"@executable_path/Frameworks",
				);
				MARKETING_VERSION = 0.1.0;
				PRODUCT_BUNDLE_IDENTIFIER = com.cokoala.remsful;
				PRODUCT_NAME = "$(TARGET_NAME)";
				SWIFT_EMIT_LOC_STRINGS = YES;
				SWIFT_VERSION = 6.0;
				TARGETED_DEVICE_FAMILY = "1,2";
			};
			name = Release;
		};
		71D051FD2D053D7700097B6D /* Debug */ = {
			isa = XCBuildConfiguration;
			buildSettings = {
				BUNDLE_LOADER = "$(TEST_HOST)";
				CODE_SIGN_STYLE = Automatic;
				CURRENT_PROJECT_VERSION = 1;
				GENERATE_INFOPLIST_FILE = YES;
				IPHONEOS_DEPLOYMENT_TARGET = 18.2;
				MARKETING_VERSION = 1.0;
				PRODUCT_BUNDLE_IDENTIFIER = com.cokoala.remsfulTests;
				PRODUCT_NAME = "$(TARGET_NAME)";
				SWIFT_EMIT_LOC_STRINGS = NO;
				SWIFT_VERSION = 5.0;
				TARGETED_DEVICE_FAMILY = "1,2";
				TEST_HOST = "$(BUILT_PRODUCTS_DIR)/remsful.app/$(BUNDLE_EXECUTABLE_FOLDER_PATH)/remsful";
			};
			name = Debug;
		};
		71D051FE2D053D7700097B6D /* Release */ = {
			isa = XCBuildConfiguration;
			buildSettings = {
				BUNDLE_LOADER = "$(TEST_HOST)";
				CODE_SIGN_STYLE = Automatic;
				CURRENT_PROJECT_VERSION = 1;
				GENERATE_INFOPLIST_FILE = YES;
				IPHONEOS_DEPLOYMENT_TARGET = 18.2;
				MARKETING_VERSION = 1.0;
				PRODUCT_BUNDLE_IDENTIFIER = com.cokoala.remsfulTests;
				PRODUCT_NAME = "$(TARGET_NAME)";
				SWIFT_EMIT_LOC_STRINGS = NO;
				SWIFT_VERSION = 5.0;
				TARGETED_DEVICE_FAMILY = "1,2";
				TEST_HOST = "$(BUILT_PRODUCTS_DIR)/remsful.app/$(BUNDLE_EXECUTABLE_FOLDER_PATH)/remsful";
			};
			name = Release;
		};
		71D052002D053D7700097B6D /* Debug */ = {
			isa = XCBuildConfiguration;
			buildSettings = {
				CODE_SIGN_STYLE = Automatic;
				CURRENT_PROJECT_VERSION = 1;
				GENERATE_INFOPLIST_FILE = YES;
				MARKETING_VERSION = 1.0;
				PRODUCT_BUNDLE_IDENTIFIER = com.cokoala.remsfulUITests;
				PRODUCT_NAME = "$(TARGET_NAME)";
				SWIFT_EMIT_LOC_STRINGS = NO;
				SWIFT_VERSION = 5.0;
				TARGETED_DEVICE_FAMILY = "1,2";
				TEST_TARGET_NAME = remsful;
			};
			name = Debug;
		};
		71D052012D053D7700097B6D /* Release */ = {
			isa = XCBuildConfiguration;
			buildSettings = {
				CODE_SIGN_STYLE = Automatic;
				CURRENT_PROJECT_VERSION = 1;
				GENERATE_INFOPLIST_FILE = YES;
				MARKETING_VERSION = 1.0;
				PRODUCT_BUNDLE_IDENTIFIER = com.cokoala.remsfulUITests;
				PRODUCT_NAME = "$(TARGET_NAME)";
				SWIFT_EMIT_LOC_STRINGS = NO;
				SWIFT_VERSION = 5.0;
				TARGETED_DEVICE_FAMILY = "1,2";
				TEST_TARGET_NAME = remsful;
			};
			name = Release;
		};
/* End XCBuildConfiguration section */

/* Begin XCConfigurationList section */
		71D051D02D053D7600097B6D /* Build configuration list for PBXProject "remsful" */ = {
			isa = XCConfigurationList;
			buildConfigurations = (
				71D051F72D053D7700097B6D /* Debug */,
				71D051F82D053D7700097B6D /* Release */,
			);
			defaultConfigurationIsVisible = 0;
			defaultConfigurationName = Release;
		};
		71D051F92D053D7700097B6D /* Build configuration list for PBXNativeTarget "remsful" */ = {
			isa = XCConfigurationList;
			buildConfigurations = (
				71D051FA2D053D7700097B6D /* Debug */,
				71D051FB2D053D7700097B6D /* Release */,
			);
			defaultConfigurationIsVisible = 0;
			defaultConfigurationName = Release;
		};
		71D051FC2D053D7700097B6D /* Build configuration list for PBXNativeTarget "remsfulTests" */ = {
			isa = XCConfigurationList;
			buildConfigurations = (
				71D051FD2D053D7700097B6D /* Debug */,
				71D051FE2D053D7700097B6D /* Release */,
			);
			defaultConfigurationIsVisible = 0;
			defaultConfigurationName = Release;
		};
		71D051FF2D053D7700097B6D /* Build configuration list for PBXNativeTarget "remsfulUITests" */ = {
			isa = XCConfigurationList;
			buildConfigurations = (
				71D052002D053D7700097B6D /* Debug */,
				71D052012D053D7700097B6D /* Release */,
			);
			defaultConfigurationIsVisible = 0;
			defaultConfigurationName = Release;
		};
/* End XCConfigurationList section */

/* Begin XCLocalSwiftPackageReference section */
		71D0523E2D058F7A00097B6D /* XCLocalSwiftPackageReference "../pulsar" */ = {
			isa = XCLocalSwiftPackageReference;
			relativePath = ../pulsar;
		};
/* End XCLocalSwiftPackageReference section */

/* Begin XCSwiftPackageProductDependency section */
		71D0523F2D058F7A00097B6D /* pulsar */ = {
			isa = XCSwiftPackageProductDependency;
			productName = pulsar;
		};
/* End XCSwiftPackageProductDependency section */
	};
	rootObject = 71D051CD2D053D7600097B6D /* Project object */;
}
